// !$*UTF8*$!
{
	archiveVersion = 1;
	classes = {
	};
	objectVersion = 56;
	objects = {

/* Begin PBXBuildFile section */
		AC2DD352294A7D7600E64523 /* Wallpaperify.swift in Sources */ = {isa = PBXBuildFile; fileRef = AC2DD351294A7D7600E64523 /* Wallpaperify.swift */; };
		AC2DD354294A7D7600E64523 /* ContentView.swift in Sources */ = {isa = PBXBuildFile; fileRef = AC2DD353294A7D7600E64523 /* ContentView.swift */; };
		AC2DD356294A7D7700E64523 /* Assets.xcassets in Resources */ = {isa = PBXBuildFile; fileRef = AC2DD355294A7D7700E64523 /* Assets.xcassets */; };
		AC2DD359294A7D7700E64523 /* Preview Assets.xcassets in Resources */ = {isa = PBXBuildFile; fileRef = AC2DD358294A7D7700E64523 /* Preview Assets.xcassets */; };
		ACC0F10129561E2A00264A0A /* Settings.swift in Sources */ = {isa = PBXBuildFile; fileRef = ACC0F10029561E2A00264A0A /* Settings.swift */; };
		ACF081AF2955C3E00083F119 /* Extensions.swift in Sources */ = {isa = PBXBuildFile; fileRef = ACF081AE2955C3E00083F119 /* Extensions.swift */; };
/* End PBXBuildFile section */

/* Begin PBXFileReference section */
		AC2DD34E294A7D7600E64523 /* Wallpaperify.app */ = {isa = PBXFileReference; explicitFileType = wrapper.application; includeInIndex = 0; path = Wallpaperify.app; sourceTree = BUILT_PRODUCTS_DIR; };
		AC2DD351294A7D7600E64523 /* Wallpaperify.swift */ = {isa = PBXFileReference; lastKnownFileType = sourcecode.swift; path = Wallpaperify.swift; sourceTree = "<group>"; };
		AC2DD353294A7D7600E64523 /* ContentView.swift */ = {isa = PBXFileReference; lastKnownFileType = sourcecode.swift; path = ContentView.swift; sourceTree = "<group>"; };
		AC2DD355294A7D7700E64523 /* Assets.xcassets */ = {isa = PBXFileReference; lastKnownFileType = folder.assetcatalog; path = Assets.xcassets; sourceTree = "<group>"; };
		AC2DD358294A7D7700E64523 /* Preview Assets.xcassets */ = {isa = PBXFileReference; lastKnownFileType = folder.assetcatalog; path = "Preview Assets.xcassets"; sourceTree = "<group>"; };
		ACC0F10029561E2A00264A0A /* Settings.swift */ = {isa = PBXFileReference; lastKnownFileType = sourcecode.swift; path = Settings.swift; sourceTree = "<group>"; };
		ACF081AE2955C3E00083F119 /* Extensions.swift */ = {isa = PBXFileReference; lastKnownFileType = sourcecode.swift; path = Extensions.swift; sourceTree = "<group>"; };
/* End PBXFileReference section */

/* Begin PBXFrameworksBuildPhase section */
		AC2DD34B294A7D7600E64523 /* Frameworks */ = {
			isa = PBXFrameworksBuildPhase;
			buildActionMask = 2147483647;
			files = (
			);
			runOnlyForDeploymentPostprocessing = 0;
		};
/* End PBXFrameworksBuildPhase section */

/* Begin PBXGroup section */
		AC2DD345294A7D7600E64523 = {
			isa = PBXGroup;
			children = (
				AC2DD350294A7D7600E64523 /* Wallpaperify */,
				AC2DD34F294A7D7600E64523 /* Products */,
			);
			sourceTree = "<group>";
		};
		AC2DD34F294A7D7600E64523 /* Products */ = {
			isa = PBXGroup;
			children = (
				AC2DD34E294A7D7600E64523 /* Wallpaperify.app */,
			);
			name = Products;
			sourceTree = "<group>";
		};
		AC2DD350294A7D7600E64523 /* Wallpaperify */ = {
			isa = PBXGroup;
			children = (
				AC2DD351294A7D7600E64523 /* Wallpaperify.swift */,
				AC2DD353294A7D7600E64523 /* ContentView.swift */,
				ACC0F10029561E2A00264A0A /* Settings.swift */,
				ACF081AE2955C3E00083F119 /* Extensions.swift */,
				AC2DD355294A7D7700E64523 /* Assets.xcassets */,
				AC2DD357294A7D7700E64523 /* Preview Content */,
			);
			path = Wallpaperify;
			sourceTree = "<group>";
		};
		AC2DD357294A7D7700E64523 /* Preview Content */ = {
			isa = PBXGroup;
			children = (
				AC2DD358294A7D7700E64523 /* Preview Assets.xcassets */,
			);
			path = "Preview Content";
			sourceTree = "<group>";
		};
/* End PBXGroup section */

/* Begin PBXNativeTarget section */
		AC2DD34D294A7D7600E64523 /* Wallpaperify */ = {
			isa = PBXNativeTarget;
			buildConfigurationList = AC2DD35C294A7D7700E64523 /* Build configuration list for PBXNativeTarget "Wallpaperify" */;
			buildPhases = (
				AC2DD34A294A7D7600E64523 /* Sources */,
				AC2DD34B294A7D7600E64523 /* Frameworks */,
				AC2DD34C294A7D7600E64523 /* Resources */,
			);
			buildRules = (
			);
			dependencies = (
			);
			name = Wallpaperify;
			productName = testApp;
			productReference = AC2DD34E294A7D7600E64523 /* Wallpaperify.app */;
			productType = "com.apple.product-type.application";
		};
/* End PBXNativeTarget section */

/* Begin PBXProject section */
		AC2DD346294A7D7600E64523 /* Project object */ = {
			isa = PBXProject;
			attributes = {
				BuildIndependentTargetsInParallel = 1;
				LastSwiftUpdateCheck = 1410;
				LastUpgradeCheck = 1410;
				TargetAttributes = {
					AC2DD34D294A7D7600E64523 = {
						CreatedOnToolsVersion = 14.1;
					};
				};
			};
			buildConfigurationList = AC2DD349294A7D7600E64523 /* Build configuration list for PBXProject "Wallpaperify" */;
			compatibilityVersion = "Xcode 14.0";
			developmentRegion = en;
			hasScannedForEncodings = 0;
			knownRegions = (
				en,
				Base,
			);
			mainGroup = AC2DD345294A7D7600E64523;
			productRefGroup = AC2DD34F294A7D7600E64523 /* Products */;
			projectDirPath = "";
			projectRoot = "";
			targets = (
				AC2DD34D294A7D7600E64523 /* Wallpaperify */,
			);
		};
/* End PBXProject section */

/* Begin PBXResourcesBuildPhase section */
		AC2DD34C294A7D7600E64523 /* Resources */ = {
			isa = PBXResourcesBuildPhase;
			buildActionMask = 2147483647;
			files = (
				AC2DD359294A7D7700E64523 /* Preview Assets.xcassets in Resources */,
				AC2DD356294A7D7700E64523 /* Assets.xcassets in Resources */,
			);
			runOnlyForDeploymentPostprocessing = 0;
		};
/* End PBXResourcesBuildPhase section */

/* Begin PBXSourcesBuildPhase section */
		AC2DD34A294A7D7600E64523 /* Sources */ = {
			isa = PBXSourcesBuildPhase;
			buildActionMask = 2147483647;
			files = (
				ACF081AF2955C3E00083F119 /* Extensions.swift in Sources */,
				AC2DD354294A7D7600E64523 /* ContentView.swift in Sources */,
				ACC0F10129561E2A00264A0A /* Settings.swift in Sources */,
				AC2DD352294A7D7600E64523 /* Wallpaperify.swift in Sources */,
			);
			runOnlyForDeploymentPostprocessing = 0;
		};
/* End PBXSourcesBuildPhase section */

/* Begin XCBuildConfiguration section */
		AC2DD35A294A7D7700E64523 /* Debug */ = {
			isa = XCBuildConfiguration;
			buildSettings = {
				ALWAYS_SEARCH_USER_PATHS = NO;
				CLANG_ANALYZER_NONNULL = YES;
				CLANG_ANALYZER_NUMBER_OBJECT_CONVERSION = YES_AGGRESSIVE;
				CLANG_CXX_LANGUAGE_STANDARD = "gnu++20";
				CLANG_ENABLE_MODULES = YES;
				CLANG_ENABLE_OBJC_ARC = YES;
				CLANG_ENABLE_OBJC_WEAK = YES;
				CLANG_WARN_BLOCK_CAPTURE_AUTORELEASING = YES;
				CLANG_WARN_BOOL_CONVERSION = YES;
				CLANG_WARN_COMMA = YES;
				CLANG_WARN_CONSTANT_CONVERSION = YES;
				CLANG_WARN_DEPRECATED_OBJC_IMPLEMENTATIONS = YES;
				CLANG_WARN_DIRECT_OBJC_ISA_USAGE = YES_ERROR;
				CLANG_WARN_DOCUMENTATION_COMMENTS = YES;
				CLANG_WARN_EMPTY_BODY = YES;
				CLANG_WARN_ENUM_CONVERSION = YES;
				CLANG_WARN_INFINITE_RECURSION = YES;
				CLANG_WARN_INT_CONVERSION = YES;
				CLANG_WARN_NON_LITERAL_NULL_CONVERSION = YES;
				CLANG_WARN_OBJC_IMPLICIT_RETAIN_SELF = YES;
				CLANG_WARN_OBJC_LITERAL_CONVERSION = YES;
				CLANG_WARN_OBJC_ROOT_CLASS = YES_ERROR;
				CLANG_WARN_QUOTED_INCLUDE_IN_FRAMEWORK_HEADER = YES;
				CLANG_WARN_RANGE_LOOP_ANALYSIS = YES;
				CLANG_WARN_STRICT_PROTOTYPES = YES;
				CLANG_WARN_SUSPICIOUS_MOVE = YES;
				CLANG_WARN_UNGUARDED_AVAILABILITY = YES_AGGRESSIVE;
				CLANG_WARN_UNREACHABLE_CODE = YES;
				CLANG_WARN__DUPLICATE_METHOD_MATCH = YES;
				COPY_PHASE_STRIP = NO;
				DEBUG_INFORMATION_FORMAT = dwarf;
				ENABLE_STRICT_OBJC_MSGSEND = YES;
				ENABLE_TESTABILITY = YES;
				GCC_C_LANGUAGE_STANDARD = gnu11;
				GCC_DYNAMIC_NO_PIC = NO;
				GCC_NO_COMMON_BLOCKS = YES;
				GCC_OPTIMIZATION_LEVEL = 0;
				GCC_PREPROCESSOR_DEFINITIONS = (
					"DEBUG=1",
					"$(inherited)",
				);
				GCC_WARN_64_TO_32_BIT_CONVERSION = YES;
				GCC_WARN_ABOUT_RETURN_TYPE = YES_ERROR;
				GCC_WARN_UNDECLARED_SELECTOR = YES;
				GCC_WARN_UNINITIALIZED_AUTOS = YES_AGGRESSIVE;
				GCC_WARN_UNUSED_FUNCTION = YES;
				GCC_WARN_UNUSED_VARIABLE = YES;
				IPHONEOS_DEPLOYMENT_TARGET = 16.1;
				MTL_ENABLE_DEBUG_INFO = INCLUDE_SOURCE;
				MTL_FAST_MATH = YES;
				ONLY_ACTIVE_ARCH = YES;
				SDKROOT = iphoneos;
				SWIFT_ACTIVE_COMPILATION_CONDITIONS = DEBUG;
				SWIFT_OPTIMIZATION_LEVEL = "-Onone";
			};
			name = Debug;
		};
		AC2DD35B294A7D7700E64523 /* Release */ = {
			isa = XCBuildConfiguration;
			buildSettings = {
				ALWAYS_SEARCH_USER_PATHS = NO;
				CLANG_ANALYZER_NONNULL = YES;
				CLANG_ANALYZER_NUMBER_OBJECT_CONVERSION = YES_AGGRESSIVE;
				CLANG_CXX_LANGUAGE_STANDARD = "gnu++20";
				CLANG_ENABLE_MODULES = YES;
				CLANG_ENABLE_OBJC_ARC = YES;
				CLANG_ENABLE_OBJC_WEAK = YES;
				CLANG_WARN_BLOCK_CAPTURE_AUTORELEASING = YES;
				CLANG_WARN_BOOL_CONVERSION = YES;
				CLANG_WARN_COMMA = YES;
				CLANG_WARN_CONSTANT_CONVERSION = YES;
				CLANG_WARN_DEPRECATED_OBJC_IMPLEMENTATIONS = YES;
				CLANG_WARN_DIRECT_OBJC_ISA_USAGE = YES_ERROR;
				CLANG_WARN_DOCUMENTATION_COMMENTS = YES;
				CLANG_WARN_EMPTY_BODY = YES;
				CLANG_WARN_ENUM_CONVERSION = YES;
				CLANG_WARN_INFINITE_RECURSION = YES;
				CLANG_WARN_INT_CONVERSION = YES;
				CLANG_WARN_NON_LITERAL_NULL_CONVERSION = YES;
				CLANG_WARN_OBJC_IMPLICIT_RETAIN_SELF = YES;
				CLANG_WARN_OBJC_LITERAL_CONVERSION = YES;
				CLANG_WARN_OBJC_ROOT_CLASS = YES_ERROR;
				CLANG_WARN_QUOTED_INCLUDE_IN_FRAMEWORK_HEADER = YES;
				CLANG_WARN_RANGE_LOOP_ANALYSIS = YES;
				CLANG_WARN_STRICT_PROTOTYPES = YES;
				CLANG_WARN_SUSPICIOUS_MOVE = YES;
				CLANG_WARN_UNGUARDED_AVAILABILITY = YES_AGGRESSIVE;
				CLANG_WARN_UNREACHABLE_CODE = YES;
				CLANG_WARN__DUPLICATE_METHOD_MATCH = YES;
				COPY_PHASE_STRIP = NO;
				DEBUG_INFORMATION_FORMAT = "dwarf-with-dsym";
				ENABLE_NS_ASSERTIONS = NO;
				ENABLE_STRICT_OBJC_MSGSEND = YES;
				GCC_C_LANGUAGE_STANDARD = gnu11;
				GCC_NO_COMMON_BLOCKS = YES;
				GCC_WARN_64_TO_32_BIT_CONVERSION = YES;
				GCC_WARN_ABOUT_RETURN_TYPE = YES_ERROR;
				GCC_WARN_UNDECLARED_SELECTOR = YES;
				GCC_WARN_UNINITIALIZED_AUTOS = YES_AGGRESSIVE;
				GCC_WARN_UNUSED_FUNCTION = YES;
				GCC_WARN_UNUSED_VARIABLE = YES;
				IPHONEOS_DEPLOYMENT_TARGET = 16.1;
				MTL_ENABLE_DEBUG_INFO = NO;
				MTL_FAST_MATH = YES;
				SDKROOT = iphoneos;
				SWIFT_COMPILATION_MODE = wholemodule;
				SWIFT_OPTIMIZATION_LEVEL = "-O";
				VALIDATE_PRODUCT = YES;
			};
			name = Release;
		};
		AC2DD35D294A7D7700E64523 /* Debug */ = {
			isa = XCBuildConfiguration;
			buildSettings = {
				ASSETCATALOG_COMPILER_APPICON_NAME = AppIcon;
				ASSETCATALOG_COMPILER_GLOBAL_ACCENT_COLOR_NAME = AccentColor;
				CODE_SIGN_STYLE = Automatic;
				CURRENT_PROJECT_VERSION = 1;
				DEVELOPMENT_ASSET_PATHS = "\"Wallpaperify/Preview Content\"";
				DEVELOPMENT_TEAM = NUUAUT9ZDU;
				ENABLE_PREVIEWS = YES;
				GENERATE_INFOPLIST_FILE = YES;
				INFOPLIST_KEY_NSPhotoLibraryAddUsageDescription = "We need this to save your wallpaper";
				INFOPLIST_KEY_NSPhotoLibraryUsageDescription = "We need your permission to save the wallpaper to the photos";
				INFOPLIST_KEY_UIApplicationSceneManifest_Generation = YES;
				INFOPLIST_KEY_UIApplicationSupportsIndirectInputEvents = YES;
				INFOPLIST_KEY_UILaunchScreen_Generation = YES;
				INFOPLIST_KEY_UISupportedInterfaceOrientations_iPad = "UIInterfaceOrientationPortrait UIInterfaceOrientationPortraitUpsideDown UIInterfaceOrientationLandscapeLeft UIInterfaceOrientationLandscapeRight";
				INFOPLIST_KEY_UISupportedInterfaceOrientations_iPhone = "UIInterfaceOrientationPortrait UIInterfaceOrientationLandscapeLeft UIInterfaceOrientationLandscapeRight";
				IPHONEOS_DEPLOYMENT_TARGET = 16.0;
				LD_RUNPATH_SEARCH_PATHS = (
					"$(inherited)",
					"@executable_path/Frameworks",
				);
				MARKETING_VERSION = 1.0;
				PRODUCT_BUNDLE_IDENTIFIER = com.grvnk.testApp;
				PRODUCT_NAME = "$(TARGET_NAME)";
				SUPPORTED_PLATFORMS = "iphoneos iphonesimulator";
				SUPPORTS_MACCATALYST = NO;
				SUPPORTS_MAC_DESIGNED_FOR_IPHONE_IPAD = NO;
				SWIFT_EMIT_LOC_STRINGS = YES;
				SWIFT_VERSION = 5.0;
				TARGETED_DEVICE_FAMILY = 1;
			};
			name = Debug;
		};
		AC2DD35E294A7D7700E64523 /* Release */ = {
			isa = XCBuildConfiguration;
			buildSettings = {
				ASSETCATALOG_COMPILER_APPICON_NAME = AppIcon;
				ASSETCATALOG_COMPILER_GLOBAL_ACCENT_COLOR_NAME = AccentColor;
				CODE_SIGN_STYLE = Automatic;
				CURRENT_PROJECT_VERSION = 1;
				DEVELOPMENT_ASSET_PATHS = "\"Wallpaperify/Preview Content\"";
				DEVELOPMENT_TEAM = NUUAUT9ZDU;
				ENABLE_PREVIEWS = YES;
				GENERATE_INFOPLIST_FILE = YES;
				INFOPLIST_KEY_NSPhotoLibraryAddUsageDescription = "We need this to save your wallpaper";
				INFOPLIST_KEY_NSPhotoLibraryUsageDescription = "We need your permission to save the wallpaper to the photos";
				INFOPLIST_KEY_UIApplicationSceneManifest_Generation = YES;
				INFOPLIST_KEY_UIApplicationSupportsIndirectInputEvents = YES;
				INFOPLIST_KEY_UILaunchScreen_Generation = YES;
				INFOPLIST_KEY_UISupportedInterfaceOrientations_iPad = "UIInterfaceOrientationPortrait UIInterfaceOrientationPortraitUpsideDown UIInterfaceOrientationLandscapeLeft UIInterfaceOrientationLandscapeRight";
				INFOPLIST_KEY_UISupportedInterfaceOrientations_iPhone = "UIInterfaceOrientationPortrait UIInterfaceOrientationLandscapeLeft UIInterfaceOrientationLandscapeRight";
				IPHONEOS_DEPLOYMENT_TARGET = 16.0;
				LD_RUNPATH_SEARCH_PATHS = (
					"$(inherited)",
					"@executable_path/Frameworks",
				);
				MARKETING_VERSION = 1.0;
				PRODUCT_BUNDLE_IDENTIFIER = com.grvnk.testApp;
				PRODUCT_NAME = "$(TARGET_NAME)";
				SUPPORTED_PLATFORMS = "iphoneos iphonesimulator";
				SUPPORTS_MACCATALYST = NO;
				SUPPORTS_MAC_DESIGNED_FOR_IPHONE_IPAD = NO;
				SWIFT_EMIT_LOC_STRINGS = YES;
				SWIFT_VERSION = 5.0;
				TARGETED_DEVICE_FAMILY = 1;
			};
			name = Release;
		};
/* End XCBuildConfiguration section */

/* Begin XCConfigurationList section */
		AC2DD349294A7D7600E64523 /* Build configuration list for PBXProject "Wallpaperify" */ = {
			isa = XCConfigurationList;
			buildConfigurations = (
				AC2DD35A294A7D7700E64523 /* Debug */,
				AC2DD35B294A7D7700E64523 /* Release */,
			);
			defaultConfigurationIsVisible = 0;
			defaultConfigurationName = Release;
		};
		AC2DD35C294A7D7700E64523 /* Build configuration list for PBXNativeTarget "Wallpaperify" */ = {
			isa = XCConfigurationList;
			buildConfigurations = (
				AC2DD35D294A7D7700E64523 /* Debug */,
				AC2DD35E294A7D7700E64523 /* Release */,
			);
			defaultConfigurationIsVisible = 0;
			defaultConfigurationName = Release;
		};
/* End XCConfigurationList section */
	};
	rootObject = AC2DD346294A7D7600E64523 /* Project object */;
}
