// !$*UTF8*$!
{
	archiveVersion = 1;
	classes = {
	};
	objectVersion = 56;
	objects = {

/* Begin PBXBuildFile section */
		03159603A30F8B9A34C533C8 /* Pods_betterWallpapers.framework in Frameworks */ = {isa = PBXBuildFile; fileRef = D22DF8C502BAF131052E98B1 /* Pods_betterWallpapers.framework */; };
		AC09BD462999B5B5000645EF /* Mega_Swirl.usdz in Resources */ = {isa = PBXBuildFile; fileRef = AC09BD452999B5B5000645EF /* Mega_Swirl.usdz */; };
		AC2532BA2994FE0A00230C2F /* AdManager.swift in Sources */ = {isa = PBXBuildFile; fileRef = AC2532B92994FE0A00230C2F /* AdManager.swift */; };
		AC2DD352294A7D7600E64523 /* betterWallpapers.swift in Sources */ = {isa = PBXBuildFile; fileRef = AC2DD351294A7D7600E64523 /* betterWallpapers.swift */; };
		AC2DD354294A7D7600E64523 /* ContentView.swift in Sources */ = {isa = PBXBuildFile; fileRef = AC2DD353294A7D7600E64523 /* ContentView.swift */; };
		AC2DD356294A7D7700E64523 /* Assets.xcassets in Resources */ = {isa = PBXBuildFile; fileRef = AC2DD355294A7D7700E64523 /* Assets.xcassets */; };
		AC2DD359294A7D7700E64523 /* Preview Assets.xcassets in Resources */ = {isa = PBXBuildFile; fileRef = AC2DD358294A7D7700E64523 /* Preview Assets.xcassets */; };
		AC3656B12968BB7300362494 /* EditorView.swift in Sources */ = {isa = PBXBuildFile; fileRef = AC3656B02968BB7300362494 /* EditorView.swift */; };
		AC40E32D29945011001EF10F /* TestView.swift in Sources */ = {isa = PBXBuildFile; fileRef = AC40E32C29945011001EF10F /* TestView.swift */; };
		AC4174712999A93700E006C4 /* Mondrian.usdz in Resources */ = {isa = PBXBuildFile; fileRef = AC4174702999A93700E006C4 /* Mondrian.usdz */; };
		AC4174732999AA2700E006C4 /* Ball.usdz in Resources */ = {isa = PBXBuildFile; fileRef = AC4174722999AA2700E006C4 /* Ball.usdz */; };
		AC4174752999B1EE00E006C4 /* Abstract_Cube.usdz in Resources */ = {isa = PBXBuildFile; fileRef = AC4174742999B1EE00E006C4 /* Abstract_Cube.usdz */; };
		AC4174772999B22000E006C4 /* Green_Bananas.usdz in Resources */ = {isa = PBXBuildFile; fileRef = AC4174762999B22000E006C4 /* Green_Bananas.usdz */; };
		AC4174792999B2B800E006C4 /* Abstract_Art.usdz in Resources */ = {isa = PBXBuildFile; fileRef = AC4174782999B2B800E006C4 /* Abstract_Art.usdz */; };
		AC478020296831CF00A615D6 /* PreviewView.swift in Sources */ = {isa = PBXBuildFile; fileRef = AC47801F296831CF00A615D6 /* PreviewView.swift */; };
		AC7428652957946B007E83F7 /* OnboardingView.swift in Sources */ = {isa = PBXBuildFile; fileRef = AC7428642957946B007E83F7 /* OnboardingView.swift */; };
		AC7428672957A14D007E83F7 /* ViewFlows.swift in Sources */ = {isa = PBXBuildFile; fileRef = AC7428662957A14D007E83F7 /* ViewFlows.swift */; };
		ACA5437A2998663200EAC7DB /* WallpaperModel.swift in Sources */ = {isa = PBXBuildFile; fileRef = ACA543792998663200EAC7DB /* WallpaperModel.swift */; };
		ACA5437C29986FAB00EAC7DB /* GeometryView.swift in Sources */ = {isa = PBXBuildFile; fileRef = ACA5437B29986FAB00EAC7DB /* GeometryView.swift */; };
		ACA5437F299958AE00EAC7DB /* Cubes.usdz in Resources */ = {isa = PBXBuildFile; fileRef = ACA5437E299958AE00EAC7DB /* Cubes.usdz */; };
		ACA5438129995B0400EAC7DB /* 3dModelManager.swift in Sources */ = {isa = PBXBuildFile; fileRef = ACA5438029995B0400EAC7DB /* 3dModelManager.swift */; };
		ACA5438329995BB700EAC7DB /* 3dView.swift in Sources */ = {isa = PBXBuildFile; fileRef = ACA5438229995BB700EAC7DB /* 3dView.swift */; };
		ACA543852999943D00EAC7DB /* Swirl.usdz in Resources */ = {isa = PBXBuildFile; fileRef = ACA543842999943D00EAC7DB /* Swirl.usdz */; };
		ACA54387299996C100EAC7DB /* Lazers.usdz in Resources */ = {isa = PBXBuildFile; fileRef = ACA54386299996C100EAC7DB /* Lazers.usdz */; };
		ACA5438B2999999200EAC7DB /* Blob.usdz in Resources */ = {isa = PBXBuildFile; fileRef = ACA5438A2999999200EAC7DB /* Blob.usdz */; };
		ACC0F10129561E2A00264A0A /* SettingsView.swift in Sources */ = {isa = PBXBuildFile; fileRef = ACC0F10029561E2A00264A0A /* SettingsView.swift */; };
		ACD376D92965C712004E6322 /* WallpaperViewModel.swift in Sources */ = {isa = PBXBuildFile; fileRef = ACD376D82965C712004E6322 /* WallpaperViewModel.swift */; };
		ACD376E22965DFB3004E6322 /* CarouselView.swift in Sources */ = {isa = PBXBuildFile; fileRef = ACD376E12965DFB3004E6322 /* CarouselView.swift */; };
		ACEB758A29763449004C23BC /* SliderView.swift in Sources */ = {isa = PBXBuildFile; fileRef = ACEB758929763449004C23BC /* SliderView.swift */; };
		ACEB758C2976FD0C004C23BC /* SliderViewModel.swift in Sources */ = {isa = PBXBuildFile; fileRef = ACEB758B2976FD0C004C23BC /* SliderViewModel.swift */; };
/* End PBXBuildFile section */

/* Begin PBXFileReference section */
		05C5B768AC11BF49A2E0A48D /* Pods-betterWallpapers.debug.xcconfig */ = {isa = PBXFileReference; includeInIndex = 1; lastKnownFileType = text.xcconfig; name = "Pods-betterWallpapers.debug.xcconfig"; path = "Target Support Files/Pods-betterWallpapers/Pods-betterWallpapers.debug.xcconfig"; sourceTree = "<group>"; };
		31BE3A11118CCEE8D21CD282 /* Pods-betterWallpapers.release.xcconfig */ = {isa = PBXFileReference; includeInIndex = 1; lastKnownFileType = text.xcconfig; name = "Pods-betterWallpapers.release.xcconfig"; path = "Target Support Files/Pods-betterWallpapers/Pods-betterWallpapers.release.xcconfig"; sourceTree = "<group>"; };
		AC09BD452999B5B5000645EF /* Mega_Swirl.usdz */ = {isa = PBXFileReference; lastKnownFileType = file.usdz; path = Mega_Swirl.usdz; sourceTree = "<group>"; };
		AC12AB122995093400599179 /* Info.plist */ = {isa = PBXFileReference; lastKnownFileType = text.plist; path = Info.plist; sourceTree = "<group>"; };
		AC2532B92994FE0A00230C2F /* AdManager.swift */ = {isa = PBXFileReference; lastKnownFileType = sourcecode.swift; path = AdManager.swift; sourceTree = "<group>"; };
		AC2DD34E294A7D7600E64523 /* betterWallpapers.app */ = {isa = PBXFileReference; explicitFileType = wrapper.application; includeInIndex = 0; path = betterWallpapers.app; sourceTree = BUILT_PRODUCTS_DIR; };
		AC2DD351294A7D7600E64523 /* betterWallpapers.swift */ = {isa = PBXFileReference; lastKnownFileType = sourcecode.swift; path = betterWallpapers.swift; sourceTree = "<group>"; };
		AC2DD353294A7D7600E64523 /* ContentView.swift */ = {isa = PBXFileReference; lastKnownFileType = sourcecode.swift; path = ContentView.swift; sourceTree = "<group>"; };
		AC2DD355294A7D7700E64523 /* Assets.xcassets */ = {isa = PBXFileReference; lastKnownFileType = folder.assetcatalog; path = Assets.xcassets; sourceTree = "<group>"; };
		AC2DD358294A7D7700E64523 /* Preview Assets.xcassets */ = {isa = PBXFileReference; lastKnownFileType = folder.assetcatalog; path = "Preview Assets.xcassets"; sourceTree = "<group>"; };
		AC3656B02968BB7300362494 /* EditorView.swift */ = {isa = PBXFileReference; lastKnownFileType = sourcecode.swift; path = EditorView.swift; sourceTree = "<group>"; };
		AC40E32C29945011001EF10F /* TestView.swift */ = {isa = PBXFileReference; lastKnownFileType = sourcecode.swift; path = TestView.swift; sourceTree = "<group>"; };
		AC4174702999A93700E006C4 /* Mondrian.usdz */ = {isa = PBXFileReference; lastKnownFileType = file.usdz; path = Mondrian.usdz; sourceTree = "<group>"; };
		AC4174722999AA2700E006C4 /* Ball.usdz */ = {isa = PBXFileReference; lastKnownFileType = file.usdz; path = Ball.usdz; sourceTree = "<group>"; };
		AC4174742999B1EE00E006C4 /* Abstract_Cube.usdz */ = {isa = PBXFileReference; lastKnownFileType = file.usdz; path = Abstract_Cube.usdz; sourceTree = "<group>"; };
		AC4174762999B22000E006C4 /* Green_Bananas.usdz */ = {isa = PBXFileReference; lastKnownFileType = file.usdz; path = Green_Bananas.usdz; sourceTree = "<group>"; };
		AC4174782999B2B800E006C4 /* Abstract_Art.usdz */ = {isa = PBXFileReference; lastKnownFileType = file.usdz; path = Abstract_Art.usdz; sourceTree = "<group>"; };
		AC47801F296831CF00A615D6 /* PreviewView.swift */ = {isa = PBXFileReference; lastKnownFileType = sourcecode.swift; path = PreviewView.swift; sourceTree = "<group>"; };
		AC7428642957946B007E83F7 /* OnboardingView.swift */ = {isa = PBXFileReference; lastKnownFileType = sourcecode.swift; path = OnboardingView.swift; sourceTree = "<group>"; };
		AC7428662957A14D007E83F7 /* ViewFlows.swift */ = {isa = PBXFileReference; lastKnownFileType = sourcecode.swift; path = ViewFlows.swift; sourceTree = "<group>"; };
		ACA543792998663200EAC7DB /* WallpaperModel.swift */ = {isa = PBXFileReference; lastKnownFileType = sourcecode.swift; path = WallpaperModel.swift; sourceTree = "<group>"; };
		ACA5437B29986FAB00EAC7DB /* GeometryView.swift */ = {isa = PBXFileReference; lastKnownFileType = sourcecode.swift; path = GeometryView.swift; sourceTree = "<group>"; };
		ACA5437E299958AE00EAC7DB /* Cubes.usdz */ = {isa = PBXFileReference; lastKnownFileType = file.usdz; path = Cubes.usdz; sourceTree = "<group>"; };
		ACA5438029995B0400EAC7DB /* 3dModelManager.swift */ = {isa = PBXFileReference; lastKnownFileType = sourcecode.swift; path = 3dModelManager.swift; sourceTree = "<group>"; };
		ACA5438229995BB700EAC7DB /* 3dView.swift */ = {isa = PBXFileReference; lastKnownFileType = sourcecode.swift; path = 3dView.swift; sourceTree = "<group>"; };
		ACA543842999943D00EAC7DB /* Swirl.usdz */ = {isa = PBXFileReference; lastKnownFileType = file.usdz; path = Swirl.usdz; sourceTree = "<group>"; };
		ACA54386299996C100EAC7DB /* Lazers.usdz */ = {isa = PBXFileReference; lastKnownFileType = file.usdz; path = Lazers.usdz; sourceTree = "<group>"; };
		ACA5438A2999999200EAC7DB /* Blob.usdz */ = {isa = PBXFileReference; lastKnownFileType = file.usdz; path = Blob.usdz; sourceTree = "<group>"; };
		ACC0F10029561E2A00264A0A /* SettingsView.swift */ = {isa = PBXFileReference; lastKnownFileType = sourcecode.swift; path = SettingsView.swift; sourceTree = "<group>"; };
		ACD376D82965C712004E6322 /* WallpaperViewModel.swift */ = {isa = PBXFileReference; lastKnownFileType = sourcecode.swift; path = WallpaperViewModel.swift; sourceTree = "<group>"; };
		ACD376E12965DFB3004E6322 /* CarouselView.swift */ = {isa = PBXFileReference; lastKnownFileType = sourcecode.swift; path = CarouselView.swift; sourceTree = "<group>"; };
		ACEB758929763449004C23BC /* SliderView.swift */ = {isa = PBXFileReference; lastKnownFileType = sourcecode.swift; path = SliderView.swift; sourceTree = "<group>"; };
		ACEB758B2976FD0C004C23BC /* SliderViewModel.swift */ = {isa = PBXFileReference; lastKnownFileType = sourcecode.swift; path = SliderViewModel.swift; sourceTree = "<group>"; };
		D22DF8C502BAF131052E98B1 /* Pods_betterWallpapers.framework */ = {isa = PBXFileReference; explicitFileType = wrapper.framework; includeInIndex = 0; path = Pods_betterWallpapers.framework; sourceTree = BUILT_PRODUCTS_DIR; };
/* End PBXFileReference section */

/* Begin PBXFrameworksBuildPhase section */
		AC2DD34B294A7D7600E64523 /* Frameworks */ = {
			isa = PBXFrameworksBuildPhase;
			buildActionMask = 2147483647;
			files = (
				03159603A30F8B9A34C533C8 /* Pods_betterWallpapers.framework in Frameworks */,
			);
			runOnlyForDeploymentPostprocessing = 0;
		};
/* End PBXFrameworksBuildPhase section */

/* Begin PBXGroup section */
		1F1D54E8FDCBC1A7888468F9 /* Pods */ = {
			isa = PBXGroup;
			children = (
				05C5B768AC11BF49A2E0A48D /* Pods-betterWallpapers.debug.xcconfig */,
				31BE3A11118CCEE8D21CD282 /* Pods-betterWallpapers.release.xcconfig */,
			);
			path = Pods;
			sourceTree = "<group>";
		};
		AC2532B82994FDF700230C2F /* Managers */ = {
			isa = PBXGroup;
			children = (
				AC2532B92994FE0A00230C2F /* AdManager.swift */,
				ACA5438029995B0400EAC7DB /* 3dModelManager.swift */,
			);
			name = Managers;
			sourceTree = "<group>";
		};
		AC2DD345294A7D7600E64523 = {
			isa = PBXGroup;
			children = (
				AC2DD350294A7D7600E64523 /* betterWallpapers */,
				AC2DD34F294A7D7600E64523 /* Products */,
				1F1D54E8FDCBC1A7888468F9 /* Pods */,
				F7069173EE37B75DA3863BBF /* Frameworks */,
			);
			sourceTree = "<group>";
		};
		AC2DD34F294A7D7600E64523 /* Products */ = {
			isa = PBXGroup;
			children = (
				AC2DD34E294A7D7600E64523 /* betterWallpapers.app */,
			);
			name = Products;
			sourceTree = "<group>";
		};
		AC2DD350294A7D7600E64523 /* betterWallpapers */ = {
			isa = PBXGroup;
			children = (
				AC12AB122995093400599179 /* Info.plist */,
				AC2DD351294A7D7600E64523 /* betterWallpapers.swift */,
				ACA5437D2999589E00EAC7DB /* 3dModels */,
				AC2532B82994FDF700230C2F /* Managers */,
				ACA543782998660C00EAC7DB /* Models */,
				ACD376DB2965C9FE004E6322 /* ViewModels */,
				ACD376DA2965C9E5004E6322 /* Views */,
				AC2DD355294A7D7700E64523 /* Assets.xcassets */,
				AC2DD357294A7D7700E64523 /* Preview Content */,
			);
			path = betterWallpapers;
			sourceTree = "<group>";
		};
		AC2DD357294A7D7700E64523 /* Preview Content */ = {
			isa = PBXGroup;
			children = (
				AC2DD358294A7D7700E64523 /* Preview Assets.xcassets */,
			);
			path = "Preview Content";
			sourceTree = "<group>";
		};
		ACA543782998660C00EAC7DB /* Models */ = {
			isa = PBXGroup;
			children = (
				ACA543792998663200EAC7DB /* WallpaperModel.swift */,
			);
			name = Models;
			sourceTree = "<group>";
		};
		ACA5437D2999589E00EAC7DB /* 3dModels */ = {
			isa = PBXGroup;
			children = (
				ACA5437E299958AE00EAC7DB /* Cubes.usdz */,
				ACA543842999943D00EAC7DB /* Swirl.usdz */,
				ACA54386299996C100EAC7DB /* Lazers.usdz */,
				ACA5438A2999999200EAC7DB /* Blob.usdz */,
				AC4174702999A93700E006C4 /* Mondrian.usdz */,
				AC4174722999AA2700E006C4 /* Ball.usdz */,
				AC4174742999B1EE00E006C4 /* Abstract_Cube.usdz */,
				AC4174762999B22000E006C4 /* Green_Bananas.usdz */,
				AC4174782999B2B800E006C4 /* Abstract_Art.usdz */,
				AC09BD452999B5B5000645EF /* Mega_Swirl.usdz */,
			);
			path = 3dModels;
			sourceTree = "<group>";
		};
		ACD376DA2965C9E5004E6322 /* Views */ = {
			isa = PBXGroup;
			children = (
				AC7428662957A14D007E83F7 /* ViewFlows.swift */,
				AC7428642957946B007E83F7 /* OnboardingView.swift */,
				AC2DD353294A7D7600E64523 /* ContentView.swift */,
				ACD376E12965DFB3004E6322 /* CarouselView.swift */,
				ACC0F10029561E2A00264A0A /* SettingsView.swift */,
				AC3656B02968BB7300362494 /* EditorView.swift */,
				AC47801F296831CF00A615D6 /* PreviewView.swift */,
				ACEB758929763449004C23BC /* SliderView.swift */,
				AC40E32C29945011001EF10F /* TestView.swift */,
				ACA5438229995BB700EAC7DB /* 3dView.swift */,
				ACA5437B29986FAB00EAC7DB /* GeometryView.swift */,
			);
			path = Views;
			sourceTree = "<group>";
		};
		ACD376DB2965C9FE004E6322 /* ViewModels */ = {
			isa = PBXGroup;
			children = (
				ACD376D82965C712004E6322 /* WallpaperViewModel.swift */,
				ACEB758B2976FD0C004C23BC /* SliderViewModel.swift */,
			);
			path = ViewModels;
			sourceTree = "<group>";
		};
		F7069173EE37B75DA3863BBF /* Frameworks */ = {
			isa = PBXGroup;
			children = (
				D22DF8C502BAF131052E98B1 /* Pods_betterWallpapers.framework */,
			);
			name = Frameworks;
			sourceTree = "<group>";
		};
/* End PBXGroup section */

/* Begin PBXNativeTarget section */
		AC2DD34D294A7D7600E64523 /* betterWallpapers */ = {
			isa = PBXNativeTarget;
			buildConfigurationList = AC2DD35C294A7D7700E64523 /* Build configuration list for PBXNativeTarget "betterWallpapers" */;
			buildPhases = (
				1099B68C2BEE485D8E5042FA /* [CP] Check Pods Manifest.lock */,
				AC2DD34A294A7D7600E64523 /* Sources */,
				AC2DD34B294A7D7600E64523 /* Frameworks */,
				AC2DD34C294A7D7600E64523 /* Resources */,
				C2AA563F5FF1DF6C9E02301C /* [CP] Embed Pods Frameworks */,
			);
			buildRules = (
			);
			dependencies = (
			);
			name = betterWallpapers;
			productName = testApp;
			productReference = AC2DD34E294A7D7600E64523 /* betterWallpapers.app */;
			productType = "com.apple.product-type.application";
		};
/* End PBXNativeTarget section */

/* Begin PBXProject section */
		AC2DD346294A7D7600E64523 /* Project object */ = {
			isa = PBXProject;
			attributes = {
				BuildIndependentTargetsInParallel = 1;
				LastSwiftUpdateCheck = 1410;
				LastUpgradeCheck = 1410;
				TargetAttributes = {
					AC2DD34D294A7D7600E64523 = {
						CreatedOnToolsVersion = 14.1;
					};
				};
			};
			buildConfigurationList = AC2DD349294A7D7600E64523 /* Build configuration list for PBXProject "betterWallpapers" */;
			compatibilityVersion = "Xcode 14.0";
			developmentRegion = en;
			hasScannedForEncodings = 0;
			knownRegions = (
				en,
				Base,
			);
			mainGroup = AC2DD345294A7D7600E64523;
			productRefGroup = AC2DD34F294A7D7600E64523 /* Products */;
			projectDirPath = "";
			projectRoot = "";
			targets = (
				AC2DD34D294A7D7600E64523 /* betterWallpapers */,
			);
		};
/* End PBXProject section */

/* Begin PBXResourcesBuildPhase section */
		AC2DD34C294A7D7600E64523 /* Resources */ = {
			isa = PBXResourcesBuildPhase;
			buildActionMask = 2147483647;
			files = (
				AC4174732999AA2700E006C4 /* Ball.usdz in Resources */,
				AC2DD359294A7D7700E64523 /* Preview Assets.xcassets in Resources */,
				AC2DD356294A7D7700E64523 /* Assets.xcassets in Resources */,
				AC09BD462999B5B5000645EF /* Mega_Swirl.usdz in Resources */,
				ACA5437F299958AE00EAC7DB /* Cubes.usdz in Resources */,
				ACA543852999943D00EAC7DB /* Swirl.usdz in Resources */,
				AC4174712999A93700E006C4 /* Mondrian.usdz in Resources */,
				AC4174792999B2B800E006C4 /* Abstract_Art.usdz in Resources */,
				ACA54387299996C100EAC7DB /* Lazers.usdz in Resources */,
				AC4174752999B1EE00E006C4 /* Abstract_Cube.usdz in Resources */,
				ACA5438B2999999200EAC7DB /* Blob.usdz in Resources */,
				AC4174772999B22000E006C4 /* Green_Bananas.usdz in Resources */,
			);
			runOnlyForDeploymentPostprocessing = 0;
		};
/* End PBXResourcesBuildPhase section */

/* Begin PBXShellScriptBuildPhase section */
		1099B68C2BEE485D8E5042FA /* [CP] Check Pods Manifest.lock */ = {
			isa = PBXShellScriptBuildPhase;
			buildActionMask = 2147483647;
			files = (
			);
			inputFileListPaths = (
			);
			inputPaths = (
				"${PODS_PODFILE_DIR_PATH}/Podfile.lock",
				"${PODS_ROOT}/Manifest.lock",
			);
			name = "[CP] Check Pods Manifest.lock";
			outputFileListPaths = (
			);
			outputPaths = (
				"$(DERIVED_FILE_DIR)/Pods-betterWallpapers-checkManifestLockResult.txt",
			);
			runOnlyForDeploymentPostprocessing = 0;
			shellPath = /bin/sh;
			shellScript = "diff \"${PODS_PODFILE_DIR_PATH}/Podfile.lock\" \"${PODS_ROOT}/Manifest.lock\" > /dev/null\nif [ $? != 0 ] ; then\n    # print error to STDERR\n    echo \"error: The sandbox is not in sync with the Podfile.lock. Run 'pod install' or update your CocoaPods installation.\" >&2\n    exit 1\nfi\n# This output is used by Xcode 'outputs' to avoid re-running this script phase.\necho \"SUCCESS\" > \"${SCRIPT_OUTPUT_FILE_0}\"\n";
			showEnvVarsInLog = 0;
		};
		C2AA563F5FF1DF6C9E02301C /* [CP] Embed Pods Frameworks */ = {
			isa = PBXShellScriptBuildPhase;
			buildActionMask = 2147483647;
			files = (
			);
			inputFileListPaths = (
				"${PODS_ROOT}/Target Support Files/Pods-betterWallpapers/Pods-betterWallpapers-frameworks-${CONFIGURATION}-input-files.xcfilelist",
			);
			name = "[CP] Embed Pods Frameworks";
			outputFileListPaths = (
				"${PODS_ROOT}/Target Support Files/Pods-betterWallpapers/Pods-betterWallpapers-frameworks-${CONFIGURATION}-output-files.xcfilelist",
			);
			runOnlyForDeploymentPostprocessing = 0;
			shellPath = /bin/sh;
			shellScript = "\"${PODS_ROOT}/Target Support Files/Pods-betterWallpapers/Pods-betterWallpapers-frameworks.sh\"\n";
			showEnvVarsInLog = 0;
		};
/* End PBXShellScriptBuildPhase section */

/* Begin PBXSourcesBuildPhase section */
		AC2DD34A294A7D7600E64523 /* Sources */ = {
			isa = PBXSourcesBuildPhase;
			buildActionMask = 2147483647;
			files = (
				AC40E32D29945011001EF10F /* TestView.swift in Sources */,
				ACEB758A29763449004C23BC /* SliderView.swift in Sources */,
				ACA5438329995BB700EAC7DB /* 3dView.swift in Sources */,
				ACA5438129995B0400EAC7DB /* 3dModelManager.swift in Sources */,
				ACA5437A2998663200EAC7DB /* WallpaperModel.swift in Sources */,
				ACD376D92965C712004E6322 /* WallpaperViewModel.swift in Sources */,
				AC2532BA2994FE0A00230C2F /* AdManager.swift in Sources */,
				ACD376E22965DFB3004E6322 /* CarouselView.swift in Sources */,
				ACA5437C29986FAB00EAC7DB /* GeometryView.swift in Sources */,
				AC478020296831CF00A615D6 /* PreviewView.swift in Sources */,
				AC2DD354294A7D7600E64523 /* ContentView.swift in Sources */,
				AC3656B12968BB7300362494 /* EditorView.swift in Sources */,
				AC7428652957946B007E83F7 /* OnboardingView.swift in Sources */,
				ACEB758C2976FD0C004C23BC /* SliderViewModel.swift in Sources */,
				ACC0F10129561E2A00264A0A /* SettingsView.swift in Sources */,
				AC7428672957A14D007E83F7 /* ViewFlows.swift in Sources */,
				AC2DD352294A7D7600E64523 /* betterWallpapers.swift in Sources */,
			);
			runOnlyForDeploymentPostprocessing = 0;
		};
/* End PBXSourcesBuildPhase section */

/* Begin XCBuildConfiguration section */
		AC2DD35A294A7D7700E64523 /* Debug */ = {
			isa = XCBuildConfiguration;
			buildSettings = {
				ALWAYS_SEARCH_USER_PATHS = NO;
				CLANG_ANALYZER_NONNULL = YES;
				CLANG_ANALYZER_NUMBER_OBJECT_CONVERSION = YES_AGGRESSIVE;
				CLANG_CXX_LANGUAGE_STANDARD = "gnu++20";
				CLANG_ENABLE_MODULES = YES;
				CLANG_ENABLE_OBJC_ARC = YES;
				CLANG_ENABLE_OBJC_WEAK = YES;
				CLANG_WARN_BLOCK_CAPTURE_AUTORELEASING = YES;
				CLANG_WARN_BOOL_CONVERSION = YES;
				CLANG_WARN_COMMA = YES;
				CLANG_WARN_CONSTANT_CONVERSION = YES;
				CLANG_WARN_DEPRECATED_OBJC_IMPLEMENTATIONS = YES;
				CLANG_WARN_DIRECT_OBJC_ISA_USAGE = YES_ERROR;
				CLANG_WARN_DOCUMENTATION_COMMENTS = YES;
				CLANG_WARN_EMPTY_BODY = YES;
				CLANG_WARN_ENUM_CONVERSION = YES;
				CLANG_WARN_INFINITE_RECURSION = YES;
				CLANG_WARN_INT_CONVERSION = YES;
				CLANG_WARN_NON_LITERAL_NULL_CONVERSION = YES;
				CLANG_WARN_OBJC_IMPLICIT_RETAIN_SELF = YES;
				CLANG_WARN_OBJC_LITERAL_CONVERSION = YES;
				CLANG_WARN_OBJC_ROOT_CLASS = YES_ERROR;
				CLANG_WARN_QUOTED_INCLUDE_IN_FRAMEWORK_HEADER = YES;
				CLANG_WARN_RANGE_LOOP_ANALYSIS = YES;
				CLANG_WARN_STRICT_PROTOTYPES = YES;
				CLANG_WARN_SUSPICIOUS_MOVE = YES;
				CLANG_WARN_UNGUARDED_AVAILABILITY = YES_AGGRESSIVE;
				CLANG_WARN_UNREACHABLE_CODE = YES;
				CLANG_WARN__DUPLICATE_METHOD_MATCH = YES;
				CODE_SIGN_IDENTITY = "iPhone Distribution: Artem Horovenko (NUUAUT9ZDU)";
				CODE_SIGN_STYLE = Manual;
				COPY_PHASE_STRIP = NO;
				DEBUG_INFORMATION_FORMAT = dwarf;
				DEVELOPMENT_TEAM = NUUAUT9ZDU;
				ENABLE_STRICT_OBJC_MSGSEND = YES;
				ENABLE_TESTABILITY = YES;
				GCC_C_LANGUAGE_STANDARD = gnu11;
				GCC_DYNAMIC_NO_PIC = NO;
				GCC_NO_COMMON_BLOCKS = YES;
				GCC_OPTIMIZATION_LEVEL = 0;
				GCC_PREPROCESSOR_DEFINITIONS = (
					"DEBUG=1",
					"$(inherited)",
				);
				GCC_WARN_64_TO_32_BIT_CONVERSION = YES;
				GCC_WARN_ABOUT_RETURN_TYPE = YES_ERROR;
				GCC_WARN_UNDECLARED_SELECTOR = YES;
				GCC_WARN_UNINITIALIZED_AUTOS = YES_AGGRESSIVE;
				GCC_WARN_UNUSED_FUNCTION = YES;
				GCC_WARN_UNUSED_VARIABLE = YES;
				IPHONEOS_DEPLOYMENT_TARGET = 16.1;
				MTL_ENABLE_DEBUG_INFO = INCLUDE_SOURCE;
				MTL_FAST_MATH = YES;
				ONLY_ACTIVE_ARCH = YES;
				PROVISIONING_PROFILE_SPECIFIER = /Users/artem/Desktop/Original/BetterWallpapers.mobileprovision;
				SDKROOT = iphoneos;
				SWIFT_ACTIVE_COMPILATION_CONDITIONS = DEBUG;
				SWIFT_OPTIMIZATION_LEVEL = "-Onone";
			};
			name = Debug;
		};
		AC2DD35B294A7D7700E64523 /* Release */ = {
			isa = XCBuildConfiguration;
			buildSettings = {
				ALWAYS_SEARCH_USER_PATHS = NO;
				CLANG_ANALYZER_NONNULL = YES;
				CLANG_ANALYZER_NUMBER_OBJECT_CONVERSION = YES_AGGRESSIVE;
				CLANG_CXX_LANGUAGE_STANDARD = "gnu++20";
				CLANG_ENABLE_MODULES = YES;
				CLANG_ENABLE_OBJC_ARC = YES;
				CLANG_ENABLE_OBJC_WEAK = YES;
				CLANG_WARN_BLOCK_CAPTURE_AUTORELEASING = YES;
				CLANG_WARN_BOOL_CONVERSION = YES;
				CLANG_WARN_COMMA = YES;
				CLANG_WARN_CONSTANT_CONVERSION = YES;
				CLANG_WARN_DEPRECATED_OBJC_IMPLEMENTATIONS = YES;
				CLANG_WARN_DIRECT_OBJC_ISA_USAGE = YES_ERROR;
				CLANG_WARN_DOCUMENTATION_COMMENTS = YES;
				CLANG_WARN_EMPTY_BODY = YES;
				CLANG_WARN_ENUM_CONVERSION = YES;
				CLANG_WARN_INFINITE_RECURSION = YES;
				CLANG_WARN_INT_CONVERSION = YES;
				CLANG_WARN_NON_LITERAL_NULL_CONVERSION = YES;
				CLANG_WARN_OBJC_IMPLICIT_RETAIN_SELF = YES;
				CLANG_WARN_OBJC_LITERAL_CONVERSION = YES;
				CLANG_WARN_OBJC_ROOT_CLASS = YES_ERROR;
				CLANG_WARN_QUOTED_INCLUDE_IN_FRAMEWORK_HEADER = YES;
				CLANG_WARN_RANGE_LOOP_ANALYSIS = YES;
				CLANG_WARN_STRICT_PROTOTYPES = YES;
				CLANG_WARN_SUSPICIOUS_MOVE = YES;
				CLANG_WARN_UNGUARDED_AVAILABILITY = YES_AGGRESSIVE;
				CLANG_WARN_UNREACHABLE_CODE = YES;
				CLANG_WARN__DUPLICATE_METHOD_MATCH = YES;
				CODE_SIGN_IDENTITY = "iPhone Distribution: Artem Horovenko (NUUAUT9ZDU)";
				CODE_SIGN_STYLE = Manual;
				COPY_PHASE_STRIP = NO;
				DEBUG_INFORMATION_FORMAT = "dwarf-with-dsym";
				DEVELOPMENT_TEAM = NUUAUT9ZDU;
				ENABLE_NS_ASSERTIONS = NO;
				ENABLE_STRICT_OBJC_MSGSEND = YES;
				GCC_C_LANGUAGE_STANDARD = gnu11;
				GCC_NO_COMMON_BLOCKS = YES;
				GCC_WARN_64_TO_32_BIT_CONVERSION = YES;
				GCC_WARN_ABOUT_RETURN_TYPE = YES_ERROR;
				GCC_WARN_UNDECLARED_SELECTOR = YES;
				GCC_WARN_UNINITIALIZED_AUTOS = YES_AGGRESSIVE;
				GCC_WARN_UNUSED_FUNCTION = YES;
				GCC_WARN_UNUSED_VARIABLE = YES;
				IPHONEOS_DEPLOYMENT_TARGET = 16.1;
				MTL_ENABLE_DEBUG_INFO = NO;
				MTL_FAST_MATH = YES;
				PROVISIONING_PROFILE_SPECIFIER = /Users/artem/Desktop/Original/BetterWallpapers.mobileprovision;
				SDKROOT = iphoneos;
				SWIFT_COMPILATION_MODE = wholemodule;
				SWIFT_OPTIMIZATION_LEVEL = "-O";
				VALIDATE_PRODUCT = YES;
			};
			name = Release;
		};
		AC2DD35D294A7D7700E64523 /* Debug */ = {
			isa = XCBuildConfiguration;
			baseConfigurationReference = 05C5B768AC11BF49A2E0A48D /* Pods-betterWallpapers.debug.xcconfig */;
			buildSettings = {
				ASSETCATALOG_COMPILER_APPICON_NAME = AppIcon;
				ASSETCATALOG_COMPILER_GLOBAL_ACCENT_COLOR_NAME = AccentColor;
				CODE_SIGN_IDENTITY = "Apple Development";
				CODE_SIGN_STYLE = Automatic;
				CURRENT_PROJECT_VERSION = 1;
				DEVELOPMENT_ASSET_PATHS = "\"BetterWallpapers/Preview Content\"";
				DEVELOPMENT_TEAM = NUUAUT9ZDU;
				ENABLE_PREVIEWS = YES;
				GENERATE_INFOPLIST_FILE = YES;
				INFOPLIST_FILE = betterWallpapers/Info.plist;
				INFOPLIST_KEY_CFBundleDisplayName = betterWallpapers;
				INFOPLIST_KEY_LSApplicationCategoryType = "";
				INFOPLIST_KEY_NSPhotoLibraryAddUsageDescription = "We need this to save your wallpaper";
				INFOPLIST_KEY_NSPhotoLibraryUsageDescription = "We need your permission to save the wallpaper to the photos";
				INFOPLIST_KEY_NSUserTrackingUsageDescription = "We need your permission to serve you with relevant ads.";
				INFOPLIST_KEY_UIApplicationSceneManifest_Generation = YES;
				INFOPLIST_KEY_UIApplicationSupportsIndirectInputEvents = YES;
				INFOPLIST_KEY_UILaunchScreen_Generation = YES;
				INFOPLIST_KEY_UIRequiresFullScreen = YES;
				INFOPLIST_KEY_UIStatusBarStyle = "";
				INFOPLIST_KEY_UISupportedInterfaceOrientations = UIInterfaceOrientationPortrait;
				INFOPLIST_KEY_UISupportedInterfaceOrientations_iPad = "UIInterfaceOrientationLandscapeLeft UIInterfaceOrientationLandscapeRight UIInterfaceOrientationPortrait UIInterfaceOrientationPortraitUpsideDown";
				IPHONEOS_DEPLOYMENT_TARGET = 16.0;
				LD_RUNPATH_SEARCH_PATHS = (
					"$(inherited)",
					"@executable_path/Frameworks",
				);
				MARKETING_VERSION = 1.5.3;
				PRODUCT_BUNDLE_IDENTIFIER = com.horovenko.betterwallpapers;
				PRODUCT_NAME = "$(TARGET_NAME)";
				PROVISIONING_PROFILE_SPECIFIER = "";
				SUPPORTED_PLATFORMS = "iphoneos iphonesimulator";
				SUPPORTS_MACCATALYST = NO;
				SUPPORTS_MAC_DESIGNED_FOR_IPHONE_IPAD = NO;
				SWIFT_EMIT_LOC_STRINGS = YES;
				SWIFT_VERSION = 5.0;
				TARGETED_DEVICE_FAMILY = "1,2";
			};
			name = Debug;
		};
		AC2DD35E294A7D7700E64523 /* Release */ = {
			isa = XCBuildConfiguration;
			baseConfigurationReference = 31BE3A11118CCEE8D21CD282 /* Pods-betterWallpapers.release.xcconfig */;
			buildSettings = {
				ASSETCATALOG_COMPILER_APPICON_NAME = AppIcon;
				ASSETCATALOG_COMPILER_GLOBAL_ACCENT_COLOR_NAME = AccentColor;
				CODE_SIGN_IDENTITY = "Apple Development";
				CODE_SIGN_STYLE = Automatic;
				CURRENT_PROJECT_VERSION = 1;
				DEVELOPMENT_ASSET_PATHS = "\"BetterWallpapers/Preview Content\"";
				DEVELOPMENT_TEAM = NUUAUT9ZDU;
				ENABLE_PREVIEWS = YES;
				GENERATE_INFOPLIST_FILE = YES;
				INFOPLIST_FILE = betterWallpapers/Info.plist;
				INFOPLIST_KEY_CFBundleDisplayName = betterWallpapers;
				INFOPLIST_KEY_LSApplicationCategoryType = "";
				INFOPLIST_KEY_NSPhotoLibraryAddUsageDescription = "We need this to save your wallpaper";
				INFOPLIST_KEY_NSPhotoLibraryUsageDescription = "We need your permission to save the wallpaper to the photos";
				INFOPLIST_KEY_NSUserTrackingUsageDescription = "We need your permission to serve you with relevant ads.";
				INFOPLIST_KEY_UIApplicationSceneManifest_Generation = YES;
				INFOPLIST_KEY_UIApplicationSupportsIndirectInputEvents = YES;
				INFOPLIST_KEY_UILaunchScreen_Generation = YES;
				INFOPLIST_KEY_UIRequiresFullScreen = YES;
				INFOPLIST_KEY_UIStatusBarStyle = "";
				INFOPLIST_KEY_UISupportedInterfaceOrientations = UIInterfaceOrientationPortrait;
				INFOPLIST_KEY_UISupportedInterfaceOrientations_iPad = "UIInterfaceOrientationLandscapeLeft UIInterfaceOrientationLandscapeRight UIInterfaceOrientationPortrait UIInterfaceOrientationPortraitUpsideDown";
				IPHONEOS_DEPLOYMENT_TARGET = 16.0;
				LD_RUNPATH_SEARCH_PATHS = (
					"$(inherited)",
					"@executable_path/Frameworks",
				);
				MARKETING_VERSION = 1.5.3;
				PRODUCT_BUNDLE_IDENTIFIER = com.horovenko.betterwallpapers;
				PRODUCT_NAME = "$(TARGET_NAME)";
				PROVISIONING_PROFILE_SPECIFIER = "";
				SUPPORTED_PLATFORMS = "iphoneos iphonesimulator";
				SUPPORTS_MACCATALYST = NO;
				SUPPORTS_MAC_DESIGNED_FOR_IPHONE_IPAD = NO;
				SWIFT_EMIT_LOC_STRINGS = YES;
				SWIFT_VERSION = 5.0;
				TARGETED_DEVICE_FAMILY = "1,2";
			};
			name = Release;
		};
/* End XCBuildConfiguration section */

/* Begin XCConfigurationList section */
		AC2DD349294A7D7600E64523 /* Build configuration list for PBXProject "betterWallpapers" */ = {
			isa = XCConfigurationList;
			buildConfigurations = (
				AC2DD35A294A7D7700E64523 /* Debug */,
				AC2DD35B294A7D7700E64523 /* Release */,
			);
			defaultConfigurationIsVisible = 0;
			defaultConfigurationName = Release;
		};
		AC2DD35C294A7D7700E64523 /* Build configuration list for PBXNativeTarget "betterWallpapers" */ = {
			isa = XCConfigurationList;
			buildConfigurations = (
				AC2DD35D294A7D7700E64523 /* Debug */,
				AC2DD35E294A7D7700E64523 /* Release */,
			);
			defaultConfigurationIsVisible = 0;
			defaultConfigurationName = Release;
		};
/* End XCConfigurationList section */
	};
	rootObject = AC2DD346294A7D7600E64523 /* Project object */;
}
